
Microsoft Visual Studio Solution File, Format Version 12.00
# Visual Studio Version 17
VisualStudioVersion = 17.2.32630.192
MinimumVisualStudioVersion = 10.0.40219.1
Project("{FAE04EC0-301F-11D3-BF4B-00C04F79EFBC}") = "OnlineShop", "OnlineShop.csproj", "{30A15069-C861-4B93-A2E8-0E6A38C55C0B}"
EndProject
Global
	GlobalSection(SolutionConfigurationPlatforms) = preSolution
		Debug|Any CPU = Debug|Any CPU
		Release|Any CPU = Release|Any CPU
	EndGlobalSection
	GlobalSection(ProjectConfigurationPlatforms) = postSolution
		{30A15069-C861-4B93-A2E8-0E6A38C55C0B}.Debug|Any CPU.ActiveCfg = Debug|Any CPU
		{30A15069-C861-4B93-A2E8-0E6A38C55C0B}.Debug|Any CPU.Build.0 = Debug|Any CPU
		{30A15069-C861-4B93-A2E8-0E6A38C55C0B}.Release|Any CPU.ActiveCfg = Release|Any CPU
		{30A15069-C861-4B93-A2E8-0E6A38C55C0B}.Release|Any CPU.Build.0 = Release|Any CPU
	EndGlobalSection
	GlobalSection(SolutionProperties) = preSolution
		HideSolutionNode = FALSE
	EndGlobalSection
	GlobalSection(ExtensibilityGlobals) = postSolution
		SolutionGuid = {9E9CD8BB-B9E1-4ADA-B176-DB387A1C5474}
	EndGlobalSection
EndGlobal
